# THIS IS AN AUTOGENERATED FILE. DO NOT EDIT THIS FILE DIRECTLY.
# yarn lockfile v1


vue-router@^3.5.3:
  version "3.5.3"
  resolved "https://registry.yarnpkg.com/vue-router/-/vue-router-3.5.3.tgz#041048053e336829d05dafacf6a8fb669a2e7999"
  integrity sha512-FUlILrW3DGitS2h+Xaw8aRNvGTwtuaxrRkNSHWTizOfLUie7wuYwezeZ50iflRn8YPV5kxmU2LQuu3nM/b3Zsg==
